
Microsoft Visual Studio Solution File, Format Version 12.00
# Visual Studio Version 17
VisualStudioVersion = 17.3.32929.385
MinimumVisualStudioVersion = 10.0.40219.1
Project("{FAE04EC0-301F-11D3-BF4B-00C04F79EFBC}") = "Caso3Medico", "Caso3Medico\Caso3Medico.csproj", "{8E112B46-B1BA-4B55-9861-9495A10B09AB}"
EndProject
Project("{FAE04EC0-301F-11D3-BF4B-00C04F79EFBC}") = "MedicoLibreria", "MedicoLibreria\MedicoLibreria.csproj", "{9D9DF13B-F2A7-45A2-945B-61BBAF8CC57D}"
EndProject
Global
	GlobalSection(SolutionConfigurationPlatforms) = preSolution
		Debug|Any CPU = Debug|Any CPU
		Release|Any CPU = Release|Any CPU
	EndGlobalSection
	GlobalSection(ProjectConfigurationPlatforms) = postSolution
		{8E112B46-B1BA-4B55-9861-9495A10B09AB}.Debug|Any CPU.ActiveCfg = Debug|Any CPU
		{8E112B46-B1BA-4B55-9861-9495A10B09AB}.Debug|Any CPU.Build.0 = Debug|Any CPU
		{8E112B46-B1BA-4B55-9861-9495A10B09AB}.Release|Any CPU.ActiveCfg = Release|Any CPU
		{8E112B46-B1BA-4B55-9861-9495A10B09AB}.Release|Any CPU.Build.0 = Release|Any CPU
		{9D9DF13B-F2A7-45A2-945B-61BBAF8CC57D}.Debug|Any CPU.ActiveCfg = Debug|Any CPU
		{9D9DF13B-F2A7-45A2-945B-61BBAF8CC57D}.Debug|Any CPU.Build.0 = Debug|Any CPU
		{9D9DF13B-F2A7-45A2-945B-61BBAF8CC57D}.Release|Any CPU.ActiveCfg = Release|Any CPU
		{9D9DF13B-F2A7-45A2-945B-61BBAF8CC57D}.Release|Any CPU.Build.0 = Release|Any CPU
	EndGlobalSection
	GlobalSection(SolutionProperties) = preSolution
		HideSolutionNode = FALSE
	EndGlobalSection
	GlobalSection(ExtensibilityGlobals) = postSolution
		SolutionGuid = {8C7F071B-128F-4839-A8DD-DA643D8C5040}
	EndGlobalSection
EndGlobal
